
Microsoft Visual Studio Solution File, Format Version 12.00
# Visual Studio Version 17
VisualStudioVersion = 17.11.35327.3
MinimumVisualStudioVersion = 10.0.40219.1
Project("{9A19103F-16F7-4668-BE54-9A1E7A4F7556}") = "TrademeAPIAutomationTests", "TrademeAPIAutomationTests\TrademeAPITests.csproj", "{C32354D6-4BC8-426F-B4AB-341DF8A1ABF4}"
EndProject
Project("{FAE04EC0-301F-11D3-BF4B-00C04F79EFBC}") = "TrademeWebUITests", "TrademeWebUITests\TrademeWebUITests.csproj", "{4F8D0F11-A60C-445B-A581-A3F35A60C73D}"
EndProject
Global
	GlobalSection(SolutionConfigurationPlatforms) = preSolution
		Debug|Any CPU = Debug|Any CPU
		Release|Any CPU = Release|Any CPU
	EndGlobalSection
	GlobalSection(ProjectConfigurationPlatforms) = postSolution
		{C32354D6-4BC8-426F-B4AB-341DF8A1ABF4}.Debug|Any CPU.ActiveCfg = Debug|Any CPU
		{C32354D6-4BC8-426F-B4AB-341DF8A1ABF4}.Debug|Any CPU.Build.0 = Debug|Any CPU
		{C32354D6-4BC8-426F-B4AB-341DF8A1ABF4}.Release|Any CPU.ActiveCfg = Release|Any CPU
		{C32354D6-4BC8-426F-B4AB-341DF8A1ABF4}.Release|Any CPU.Build.0 = Release|Any CPU
		{4F8D0F11-A60C-445B-A581-A3F35A60C73D}.Debug|Any CPU.ActiveCfg = Debug|Any CPU
		{4F8D0F11-A60C-445B-A581-A3F35A60C73D}.Debug|Any CPU.Build.0 = Debug|Any CPU
		{4F8D0F11-A60C-445B-A581-A3F35A60C73D}.Release|Any CPU.ActiveCfg = Release|Any CPU
		{4F8D0F11-A60C-445B-A581-A3F35A60C73D}.Release|Any CPU.Build.0 = Release|Any CPU
	EndGlobalSection
	GlobalSection(SolutionProperties) = preSolution
		HideSolutionNode = FALSE
	EndGlobalSection
	GlobalSection(ExtensibilityGlobals) = postSolution
		SolutionGuid = {B0C0CFD5-23A0-4077-A855-FC5FCC24B831}
	EndGlobalSection
EndGlobal
